// !$*UTF8*$!
{
	archiveVersion = 1;
	classes = {
	};
	objectVersion = 50;
	objects = {

/* Begin PBXBuildFile section */
		E410112016E941551DF08B43 /* Pods_AnalyticsSample.framework in Frameworks */ = {isa = PBXBuildFile; fileRef = 1AA0BFFC44FEAE43EC19F839 /* Pods_AnalyticsSample.framework */; };
		FE0EEF21207D01C200B43E3E /* AppDelegate.swift in Sources */ = {isa = PBXBuildFile; fileRef = FE0EEF20207D01C200B43E3E /* AppDelegate.swift */; };
		FE0EEF23207D01C200B43E3E /* ViewController.swift in Sources */ = {isa = PBXBuildFile; fileRef = FE0EEF22207D01C200B43E3E /* ViewController.swift */; };
		FE0EEF26207D01C200B43E3E /* Main.storyboard in Resources */ = {isa = PBXBuildFile; fileRef = FE0EEF24207D01C200B43E3E /* Main.storyboard */; };
		FE0EEF28207D01C500B43E3E /* Assets.xcassets in Resources */ = {isa = PBXBuildFile; fileRef = FE0EEF27207D01C500B43E3E /* Assets.xcassets */; };
		FE0EEF2B207D01C500B43E3E /* LaunchScreen.storyboard in Resources */ = {isa = PBXBuildFile; fileRef = FE0EEF29207D01C500B43E3E /* LaunchScreen.storyboard */; };
/* End PBXBuildFile section */

/* Begin PBXFileReference section */
		08AB4184E6F6D73E05526727 /* Pods-AnalyticsSample.release.xcconfig */ = {isa = PBXFileReference; includeInIndex = 1; lastKnownFileType = text.xcconfig; name = "Pods-AnalyticsSample.release.xcconfig"; path = "Pods/Target Support Files/Pods-AnalyticsSample/Pods-AnalyticsSample.release.xcconfig"; sourceTree = "<group>"; };
		1AA0BFFC44FEAE43EC19F839 /* Pods_AnalyticsSample.framework */ = {isa = PBXFileReference; explicitFileType = wrapper.framework; includeInIndex = 0; path = Pods_AnalyticsSample.framework; sourceTree = BUILT_PRODUCTS_DIR; };
		66CF321F90F122CBBF4B6044 /* Pods-AnalyticsSample.debug.xcconfig */ = {isa = PBXFileReference; includeInIndex = 1; lastKnownFileType = text.xcconfig; name = "Pods-AnalyticsSample.debug.xcconfig"; path = "Pods/Target Support Files/Pods-AnalyticsSample/Pods-AnalyticsSample.debug.xcconfig"; sourceTree = "<group>"; };
		FE0EEF1D207D01C200B43E3E /* AnalyticsSample.app */ = {isa = PBXFileReference; explicitFileType = wrapper.application; includeInIndex = 0; path = AnalyticsSample.app; sourceTree = BUILT_PRODUCTS_DIR; };
		FE0EEF20207D01C200B43E3E /* AppDelegate.swift */ = {isa = PBXFileReference; lastKnownFileType = sourcecode.swift; path = AppDelegate.swift; sourceTree = "<group>"; };
		FE0EEF22207D01C200B43E3E /* ViewController.swift */ = {isa = PBXFileReference; lastKnownFileType = sourcecode.swift; path = ViewController.swift; sourceTree = "<group>"; };
		FE0EEF25207D01C200B43E3E /* Base */ = {isa = PBXFileReference; lastKnownFileType = file.storyboard; name = Base; path = Base.lproj/Main.storyboard; sourceTree = "<group>"; };
		FE0EEF27207D01C500B43E3E /* Assets.xcassets */ = {isa = PBXFileReference; lastKnownFileType = folder.assetcatalog; path = Assets.xcassets; sourceTree = "<group>"; };
		FE0EEF2A207D01C500B43E3E /* Base */ = {isa = PBXFileReference; lastKnownFileType = file.storyboard; name = Base; path = Base.lproj/LaunchScreen.storyboard; sourceTree = "<group>"; };
		FE0EEF2C207D01C500B43E3E /* Info.plist */ = {isa = PBXFileReference; lastKnownFileType = text.plist.xml; path = Info.plist; sourceTree = "<group>"; };
/* End PBXFileReference section */

/* Begin PBXFrameworksBuildPhase section */
		FE0EEF1A207D01C200B43E3E /* Frameworks */ = {
			isa = PBXFrameworksBuildPhase;
			buildActionMask = 2147483647;
			files = (
				E410112016E941551DF08B43 /* Pods_AnalyticsSample.framework in Frameworks */,
			);
			runOnlyForDeploymentPostprocessing = 0;
		};
/* End PBXFrameworksBuildPhase section */

/* Begin PBXGroup section */
		755B250EB20E494636DF208F /* Pods */ = {
			isa = PBXGroup;
			children = (
				66CF321F90F122CBBF4B6044 /* Pods-AnalyticsSample.debug.xcconfig */,
				08AB4184E6F6D73E05526727 /* Pods-AnalyticsSample.release.xcconfig */,
			);
			name = Pods;
			sourceTree = "<group>";
		};
		E9C8EAAE0603D574DDD6F0A9 /* Frameworks */ = {
			isa = PBXGroup;
			children = (
				1AA0BFFC44FEAE43EC19F839 /* Pods_AnalyticsSample.framework */,
			);
			name = Frameworks;
			sourceTree = "<group>";
		};
		FE0EEF14207D01C100B43E3E = {
			isa = PBXGroup;
			children = (
				FE0EEF1F207D01C200B43E3E /* AnalyticsSample */,
				FE0EEF1E207D01C200B43E3E /* Products */,
				755B250EB20E494636DF208F /* Pods */,
				E9C8EAAE0603D574DDD6F0A9 /* Frameworks */,
			);
			sourceTree = "<group>";
		};
		FE0EEF1E207D01C200B43E3E /* Products */ = {
			isa = PBXGroup;
			children = (
				FE0EEF1D207D01C200B43E3E /* AnalyticsSample.app */,
			);
			name = Products;
			sourceTree = "<group>";
		};
		FE0EEF1F207D01C200B43E3E /* AnalyticsSample */ = {
			isa = PBXGroup;
			children = (
				FE0EEF20207D01C200B43E3E /* AppDelegate.swift */,
				FE0EEF22207D01C200B43E3E /* ViewController.swift */,
				FE0EEF24207D01C200B43E3E /* Main.storyboard */,
				FE0EEF27207D01C500B43E3E /* Assets.xcassets */,
				FE0EEF29207D01C500B43E3E /* LaunchScreen.storyboard */,
				FE0EEF2C207D01C500B43E3E /* Info.plist */,
			);
			path = AnalyticsSample;
			sourceTree = "<group>";
		};
/* End PBXGroup section */

/* Begin PBXNativeTarget section */
		FE0EEF1C207D01C200B43E3E /* AnalyticsSample */ = {
			isa = PBXNativeTarget;
			buildConfigurationList = FE0EEF2F207D01C500B43E3E /* Build configuration list for PBXNativeTarget "AnalyticsSample" */;
			buildPhases = (
				6A9C94DB5DDD7B34B3291C80 /* [CP] Check Pods Manifest.lock */,
				FE0EEF19207D01C200B43E3E /* Sources */,
				FE0EEF1A207D01C200B43E3E /* Frameworks */,
				FE0EEF1B207D01C200B43E3E /* Resources */,
				9F7A7E0BE0A651D6C4DB0827 /* [CP] Embed Pods Frameworks */,
				48B982A99A0455FE9D94A16D /* [CP] Copy Pods Resources */,
			);
			buildRules = (
			);
			dependencies = (
			);
			name = AnalyticsSample;
			productName = AnalyticsSample;
			productReference = FE0EEF1D207D01C200B43E3E /* AnalyticsSample.app */;
			productType = "com.apple.product-type.application";
		};
/* End PBXNativeTarget section */

/* Begin PBXProject section */
		FE0EEF15207D01C200B43E3E /* Project object */ = {
			isa = PBXProject;
			attributes = {
				LastSwiftUpdateCheck = 0930;
				LastUpgradeCheck = 0930;
				ORGANIZATIONNAME = TakkuMattsu;
				TargetAttributes = {
					FE0EEF1C207D01C200B43E3E = {
						CreatedOnToolsVersion = 9.3;
					};
				};
			};
			buildConfigurationList = FE0EEF18207D01C200B43E3E /* Build configuration list for PBXProject "AnalyticsSample" */;
			compatibilityVersion = "Xcode 9.3";
			developmentRegion = en;
			hasScannedForEncodings = 0;
			knownRegions = (
				en,
				Base,
			);
			mainGroup = FE0EEF14207D01C100B43E3E;
			productRefGroup = FE0EEF1E207D01C200B43E3E /* Products */;
			projectDirPath = "";
			projectRoot = "";
			targets = (
				FE0EEF1C207D01C200B43E3E /* AnalyticsSample */,
			);
		};
/* End PBXProject section */

/* Begin PBXResourcesBuildPhase section */
		FE0EEF1B207D01C200B43E3E /* Resources */ = {
			isa = PBXResourcesBuildPhase;
			buildActionMask = 2147483647;
			files = (
				FE0EEF2B207D01C500B43E3E /* LaunchScreen.storyboard in Resources */,
				FE0EEF28207D01C500B43E3E /* Assets.xcassets in Resources */,
				FE0EEF26207D01C200B43E3E /* Main.storyboard in Resources */,
			);
			runOnlyForDeploymentPostprocessing = 0;
		};
/* End PBXResourcesBuildPhase section */

/* Begin PBXShellScriptBuildPhase section */
		48B982A99A0455FE9D94A16D /* [CP] Copy Pods Resources */ = {
			isa = PBXShellScriptBuildPhase;
			buildActionMask = 2147483647;
			files = (
			);
			inputPaths = (
			);
			name = "[CP] Copy Pods Resources";
			outputPaths = (
			);
			runOnlyForDeploymentPostprocessing = 0;
			shellPath = /bin/sh;
			shellScript = "\"${SRCROOT}/Pods/Target Support Files/Pods-AnalyticsSample/Pods-AnalyticsSample-resources.sh\"\n";
			showEnvVarsInLog = 0;
		};
		6A9C94DB5DDD7B34B3291C80 /* [CP] Check Pods Manifest.lock */ = {
			isa = PBXShellScriptBuildPhase;
			buildActionMask = 2147483647;
			files = (
			);
			inputPaths = (
				"${PODS_PODFILE_DIR_PATH}/Podfile.lock",
				"${PODS_ROOT}/Manifest.lock",
			);
			name = "[CP] Check Pods Manifest.lock";
			outputPaths = (
				"$(DERIVED_FILE_DIR)/Pods-AnalyticsSample-checkManifestLockResult.txt",
			);
			runOnlyForDeploymentPostprocessing = 0;
			shellPath = /bin/sh;
			shellScript = "diff \"${PODS_PODFILE_DIR_PATH}/Podfile.lock\" \"${PODS_ROOT}/Manifest.lock\" > /dev/null\nif [ $? != 0 ] ; then\n    # print error to STDERR\n    echo \"error: The sandbox is not in sync with the Podfile.lock. Run 'pod install' or update your CocoaPods installation.\" >&2\n    exit 1\nfi\n# This output is used by Xcode 'outputs' to avoid re-running this script phase.\necho \"SUCCESS\" > \"${SCRIPT_OUTPUT_FILE_0}\"\n";
			showEnvVarsInLog = 0;
		};
		9F7A7E0BE0A651D6C4DB0827 /* [CP] Embed Pods Frameworks */ = {
			isa = PBXShellScriptBuildPhase;
			buildActionMask = 2147483647;
			files = (
			);
			inputPaths = (
			);
			name = "[CP] Embed Pods Frameworks";
			outputPaths = (
			);
			runOnlyForDeploymentPostprocessing = 0;
			shellPath = /bin/sh;
			shellScript = "\"${SRCROOT}/Pods/Target Support Files/Pods-AnalyticsSample/Pods-AnalyticsSample-frameworks.sh\"\n";
			showEnvVarsInLog = 0;
		};
/* End PBXShellScriptBuildPhase section */

/* Begin PBXSourcesBuildPhase section */
		FE0EEF19207D01C200B43E3E /* Sources */ = {
			isa = PBXSourcesBuildPhase;
			buildActionMask = 2147483647;
			files = (
				FE0EEF23207D01C200B43E3E /* ViewController.swift in Sources */,
				FE0EEF21207D01C200B43E3E /* AppDelegate.swift in Sources */,
			);
			runOnlyForDeploymentPostprocessing = 0;
		};
/* End PBXSourcesBuildPhase section */

/* Begin PBXVariantGroup section */
		FE0EEF24207D01C200B43E3E /* Main.storyboard */ = {
			isa = PBXVariantGroup;
			children = (
				FE0EEF25207D01C200B43E3E /* Base */,
			);
			name = Main.storyboard;
			sourceTree = "<group>";
		};
		FE0EEF29207D01C500B43E3E /* LaunchScreen.storyboard */ = {
			isa = PBXVariantGroup;
			children = (
				FE0EEF2A207D01C500B43E3E /* Base */,
			);
			name = LaunchScreen.storyboard;
			sourceTree = "<group>";
		};
/* End PBXVariantGroup section */

/* Begin XCBuildConfiguration section */
		FE0EEF2D207D01C500B43E3E /* Debug */ = {
			isa = XCBuildConfiguration;
			buildSettings = {
				ALWAYS_SEARCH_USER_PATHS = NO;
				CLANG_ANALYZER_NONNULL = YES;
				CLANG_ANALYZER_NUMBER_OBJECT_CONVERSION = YES_AGGRESSIVE;
				CLANG_CXX_LANGUAGE_STANDARD = "gnu++14";
				CLANG_CXX_LIBRARY = "libc++";
				CLANG_ENABLE_MODULES = YES;
				CLANG_ENABLE_OBJC_ARC = YES;
				CLANG_ENABLE_OBJC_WEAK = YES;
				CLANG_WARN_BLOCK_CAPTURE_AUTORELEASING = YES;
				CLANG_WARN_BOOL_CONVERSION = YES;
				CLANG_WARN_COMMA = YES;
				CLANG_WARN_CONSTANT_CONVERSION = YES;
				CLANG_WARN_DEPRECATED_OBJC_IMPLEMENTATIONS = YES;
				CLANG_WARN_DIRECT_OBJC_ISA_USAGE = YES_ERROR;
				CLANG_WARN_DOCUMENTATION_COMMENTS = YES;
				CLANG_WARN_EMPTY_BODY = YES;
				CLANG_WARN_ENUM_CONVERSION = YES;
				CLANG_WARN_INFINITE_RECURSION = YES;
				CLANG_WARN_INT_CONVERSION = YES;
				CLANG_WARN_NON_LITERAL_NULL_CONVERSION = YES;
				CLANG_WARN_OBJC_IMPLICIT_RETAIN_SELF = YES;
				CLANG_WARN_OBJC_LITERAL_CONVERSION = YES;
				CLANG_WARN_OBJC_ROOT_CLASS = YES_ERROR;
				CLANG_WARN_RANGE_LOOP_ANALYSIS = YES;
				CLANG_WARN_STRICT_PROTOTYPES = YES;
				CLANG_WARN_SUSPICIOUS_MOVE = YES;
				CLANG_WARN_UNGUARDED_AVAILABILITY = YES_AGGRESSIVE;
				CLANG_WARN_UNREACHABLE_CODE = YES;
				CLANG_WARN__DUPLICATE_METHOD_MATCH = YES;
				CODE_SIGN_IDENTITY = "iPhone Developer";
				COPY_PHASE_STRIP = NO;
				DEBUG_INFORMATION_FORMAT = dwarf;
				ENABLE_STRICT_OBJC_MSGSEND = YES;
				ENABLE_TESTABILITY = YES;
				GCC_C_LANGUAGE_STANDARD = gnu11;
				GCC_DYNAMIC_NO_PIC = NO;
				GCC_NO_COMMON_BLOCKS = YES;
				GCC_OPTIMIZATION_LEVEL = 0;
				GCC_PREPROCESSOR_DEFINITIONS = (
					"DEBUG=1",
					"$(inherited)",
				);
				GCC_WARN_64_TO_32_BIT_CONVERSION = YES;
				GCC_WARN_ABOUT_RETURN_TYPE = YES_ERROR;
				GCC_WARN_UNDECLARED_SELECTOR = YES;
				GCC_WARN_UNINITIALIZED_AUTOS = YES_AGGRESSIVE;
				GCC_WARN_UNUSED_FUNCTION = YES;
				GCC_WARN_UNUSED_VARIABLE = YES;
				IPHONEOS_DEPLOYMENT_TARGET = 11.3;
				MTL_ENABLE_DEBUG_INFO = YES;
				ONLY_ACTIVE_ARCH = YES;
				SDKROOT = iphoneos;
				SWIFT_ACTIVE_COMPILATION_CONDITIONS = DEBUG;
				SWIFT_OPTIMIZATION_LEVEL = "-Onone";
			};
			name = Debug;
		};
		FE0EEF2E207D01C500B43E3E /* Release */ = {
			isa = XCBuildConfiguration;
			buildSettings = {
				ALWAYS_SEARCH_USER_PATHS = NO;
				CLANG_ANALYZER_NONNULL = YES;
				CLANG_ANALYZER_NUMBER_OBJECT_CONVERSION = YES_AGGRESSIVE;
				CLANG_CXX_LANGUAGE_STANDARD = "gnu++14";
				CLANG_CXX_LIBRARY = "libc++";
				CLANG_ENABLE_MODULES = YES;
				CLANG_ENABLE_OBJC_ARC = YES;
				CLANG_ENABLE_OBJC_WEAK = YES;
				CLANG_WARN_BLOCK_CAPTURE_AUTORELEASING = YES;
				CLANG_WARN_BOOL_CONVERSION = YES;
				CLANG_WARN_COMMA = YES;
				CLANG_WARN_CONSTANT_CONVERSION = YES;
				CLANG_WARN_DEPRECATED_OBJC_IMPLEMENTATIONS = YES;
				CLANG_WARN_DIRECT_OBJC_ISA_USAGE = YES_ERROR;
				CLANG_WARN_DOCUMENTATION_COMMENTS = YES;
				CLANG_WARN_EMPTY_BODY = YES;
				CLANG_WARN_ENUM_CONVERSION = YES;
				CLANG_WARN_INFINITE_RECURSION = YES;
				CLANG_WARN_INT_CONVERSION = YES;
				CLANG_WARN_NON_LITERAL_NULL_CONVERSION = YES;
				CLANG_WARN_OBJC_IMPLICIT_RETAIN_SELF = YES;
				CLANG_WARN_OBJC_LITERAL_CONVERSION = YES;
				CLANG_WARN_OBJC_ROOT_CLASS = YES_ERROR;
				CLANG_WARN_RANGE_LOOP_ANALYSIS = YES;
				CLANG_WARN_STRICT_PROTOTYPES = YES;
				CLANG_WARN_SUSPICIOUS_MOVE = YES;
				CLANG_WARN_UNGUARDED_AVAILABILITY = YES_AGGRESSIVE;
				CLANG_WARN_UNREACHABLE_CODE = YES;
				CLANG_WARN__DUPLICATE_METHOD_MATCH = YES;
				CODE_SIGN_IDENTITY = "iPhone Developer";
				COPY_PHASE_STRIP = NO;
				DEBUG_INFORMATION_FORMAT = "dwarf-with-dsym";
				ENABLE_NS_ASSERTIONS = NO;
				ENABLE_STRICT_OBJC_MSGSEND = YES;
				GCC_C_LANGUAGE_STANDARD = gnu11;
				GCC_NO_COMMON_BLOCKS = YES;
				GCC_WARN_64_TO_32_BIT_CONVERSION = YES;
				GCC_WARN_ABOUT_RETURN_TYPE = YES_ERROR;
				GCC_WARN_UNDECLARED_SELECTOR = YES;
				GCC_WARN_UNINITIALIZED_AUTOS = YES_AGGRESSIVE;
				GCC_WARN_UNUSED_FUNCTION = YES;
				GCC_WARN_UNUSED_VARIABLE = YES;
				IPHONEOS_DEPLOYMENT_TARGET = 11.3;
				MTL_ENABLE_DEBUG_INFO = NO;
				SDKROOT = iphoneos;
				SWIFT_COMPILATION_MODE = wholemodule;
				SWIFT_OPTIMIZATION_LEVEL = "-O";
				VALIDATE_PRODUCT = YES;
			};
			name = Release;
		};
		FE0EEF30207D01C500B43E3E /* Debug */ = {
			isa = XCBuildConfiguration;
			baseConfigurationReference = 66CF321F90F122CBBF4B6044 /* Pods-AnalyticsSample.debug.xcconfig */;
			buildSettings = {
				ASSETCATALOG_COMPILER_APPICON_NAME = AppIcon;
				CODE_SIGN_STYLE = Automatic;
				DEVELOPMENT_TEAM = VSX7764QF2;
				INFOPLIST_FILE = AnalyticsSample/Info.plist;
				IPHONEOS_DEPLOYMENT_TARGET = 10.3;
				LD_RUNPATH_SEARCH_PATHS = (
					"$(inherited)",
					"@executable_path/Frameworks",
				);
				PRODUCT_BUNDLE_IDENTIFIER = "com.nanao-a.AnalyticsSample";
				PRODUCT_NAME = "$(TARGET_NAME)";
				SWIFT_VERSION = 4.0;
				TARGETED_DEVICE_FAMILY = "1,2";
			};
			name = Debug;
		};
		FE0EEF31207D01C500B43E3E /* Release */ = {
			isa = XCBuildConfiguration;
			baseConfigurationReference = 08AB4184E6F6D73E05526727 /* Pods-AnalyticsSample.release.xcconfig */;
			buildSettings = {
				ASSETCATALOG_COMPILER_APPICON_NAME = AppIcon;
				CODE_SIGN_STYLE = Automatic;
				DEVELOPMENT_TEAM = VSX7764QF2;
				INFOPLIST_FILE = AnalyticsSample/Info.plist;
				IPHONEOS_DEPLOYMENT_TARGET = 10.3;
				LD_RUNPATH_SEARCH_PATHS = (
					"$(inherited)",
					"@executable_path/Frameworks",
				);
				PRODUCT_BUNDLE_IDENTIFIER = "com.nanao-a.AnalyticsSample";
				PRODUCT_NAME = "$(TARGET_NAME)";
				SWIFT_VERSION = 4.0;
				TARGETED_DEVICE_FAMILY = "1,2";
			};
			name = Release;
		};
/* End XCBuildConfiguration section */

/* Begin XCConfigurationList section */
		FE0EEF18207D01C200B43E3E /* Build configuration list for PBXProject "AnalyticsSample" */ = {
			isa = XCConfigurationList;
			buildConfigurations = (
				FE0EEF2D207D01C500B43E3E /* Debug */,
				FE0EEF2E207D01C500B43E3E /* Release */,
			);
			defaultConfigurationIsVisible = 0;
			defaultConfigurationName = Release;
		};
		FE0EEF2F207D01C500B43E3E /* Build configuration list for PBXNativeTarget "AnalyticsSample" */ = {
			isa = XCConfigurationList;
			buildConfigurations = (
				FE0EEF30207D01C500B43E3E /* Debug */,
				FE0EEF31207D01C500B43E3E /* Release */,
			);
			defaultConfigurationIsVisible = 0;
			defaultConfigurationName = Release;
		};
/* End XCConfigurationList section */
	};
	rootObject = FE0EEF15207D01C200B43E3E /* Project object */;
}
